{
  "nodes": {
    "agenix": {
      "inputs": {
        "darwin": "darwin",
        "home-manager": "home-manager",
        "nixpkgs": "nixpkgs",
        "systems": "systems"
      },
      "locked": {
        "lastModified": 1762618334,
        "narHash": "sha256-wyT7Pl6tMFbFrs8Lk/TlEs81N6L+VSybPfiIgzU8lbQ=",
        "owner": "ryantm",
        "repo": "agenix",
        "rev": "fcdea223397448d35d9b31f798479227e80183f6",
        "type": "github"
      },
      "original": {
        "owner": "ryantm",
        "repo": "agenix",
        "type": "github"
      }
    },
    "ags": {
      "inputs": {
        "astal": "astal",
        "nixpkgs": [
          "unstable"
        ]
      },
      "locked": {
        "lastModified": 1775689345,
        "narHash": "sha256-tM3s7CX+tgxlYW0Sk3nzVThg2MHn08foIuMxABupxIs=",
        "owner": "aylur",
        "repo": "ags",
        "rev": "bbee2f18939f1ec7ff720e717cf305e73635628f",
        "type": "github"
      },
      "original": {
        "owner": "aylur",
        "repo": "ags",
        "type": "github"
      }
    },
    "ameba-src": {
      "flake": false,
      "locked": {
        "lastModified": 1677051617,
        "narHash": "sha256-coZU3cufQgSCid10zEvmHG7ddLbZhnrvl9ffw4Y6h74=",
        "owner": "crystal-ameba",
        "repo": "ameba",
        "rev": "6f05df4006e82ba05a55dcfa831f6dbdb3b0191d",
        "type": "github"
      },
      "original": {
        "owner": "crystal-ameba",
        "ref": "v1.4.2",
        "repo": "ameba",
        "type": "github"
      }
    },
    "aoe": {
      "inputs": {
        "crane": "crane",
        "flake-parts": "flake-parts",
        "nixpkgs": "nixpkgs_2"
      },
      "locked": {
        "lastModified": 1773327557,
        "narHash": "sha256-a+bw9GT0sn6DZHBACWWXvM62ZZ/yEF7ygQGCI6bv93c=",
        "owner": "njbrake",
        "repo": "agent-of-empires",
        "rev": "ae12d0de596549108e6e426525ce4c9993e2bb24",
        "type": "github"
      },
      "original": {
        "owner": "njbrake",
        "repo": "agent-of-empires",
        "type": "github"
      }
    },
    "astal": {
      "inputs": {
        "nixpkgs": [
          "ags",
          "nixpkgs"
        ]
      },
      "locked": {
        "lastModified": 1773914523,
        "narHash": "sha256-GOL+bR30FPImAzy4NNsTMY1gpoINMsLTXR0WJBRSq30=",
        "owner": "aylur",
        "repo": "astal",
        "rev": "41b50290c6a1cdce7b482897c22fe49286912b9a",
        "type": "github"
      },
      "original": {
        "owner": "aylur",
        "repo": "astal",
        "type": "github"
      }
    },
    "bdwgc-src": {
      "flake": false,
      "locked": {
        "lastModified": 1661523039,
        "narHash": "sha256-UYJQGeSykmfydGAmTlNJNyAPBasBkddOSoopBHiY7TI=",
        "owner": "ivmai",
        "repo": "bdwgc",
        "rev": "cd1fbc1dbfd2cc888436944dd2784f39820698d7",
        "type": "github"
      },
      "original": {
        "owner": "ivmai",
        "ref": "v8.2.2",
        "repo": "bdwgc",
        "type": "github"
      }
    },
    "bmc": {
      "inputs": {
        "nixpkgs": "nixpkgs_3"
      },
      "locked": {
        "lastModified": 1779970584,
        "narHash": "sha256-vxAz1mPHCe4GCw4pCfLJxE3058VrKYIwoesNC2XJXwk=",
        "owner": "wearetechnative",
        "repo": "bmc",
        "rev": "e9ccd66d7f70fb143ec7ba03743a4ae10a5e0fd4",
        "type": "github"
      },
      "original": {
        "owner": "wearetechnative",
        "repo": "bmc",
        "type": "github"
      }
    },
    "crane": {
      "locked": {
        "lastModified": 1771796463,
        "narHash": "sha256-9bCDuUzpwJXcHMQYMS1yNuzYMmKO/CCwCexpjWOl62I=",
        "owner": "ipetkov",
        "repo": "crane",
        "rev": "3d3de3313e263e04894f284ac18177bd26169bad",
        "type": "github"
      },
      "original": {
        "owner": "ipetkov",
        "repo": "crane",
        "type": "github"
      }
    },
    "crystal-aarch64-darwin": {
      "flake": false,
      "locked": {
        "narHash": "sha256-eU5JsJBXLZBQu0y6u2qF3QImgIzra6j+gftWM1hzg8k=",
        "type": "tarball",
        "url": "https://github.com/crystal-lang/crystal/releases/download/1.7.3/crystal-1.7.3-1-darwin-universal.tar.gz"
      },
      "original": {
        "type": "tarball",
        "url": "https://github.com/crystal-lang/crystal/releases/download/1.7.3/crystal-1.7.3-1-darwin-universal.tar.gz"
      }
    },
    "crystal-flake": {
      "inputs": {
        "ameba-src": "ameba-src",
        "bdwgc-src": "bdwgc-src",
        "crystal-aarch64-darwin": "crystal-aarch64-darwin",
        "crystal-i686-linux": "crystal-i686-linux",
        "crystal-src": "crystal-src",
        "crystal-x86_64-darwin": "crystal-x86_64-darwin",
        "crystal-x86_64-linux": "crystal-x86_64-linux",
        "crystalline-src": "crystalline-src",
        "flake-parts": "flake-parts_4",
        "nixpkgs": "nixpkgs_17"
      },
      "locked": {
        "lastModified": 1679338490,
        "narHash": "sha256-GTRkj188iFatAMGRXi9KxpmfNHZFp2r7S3zcgk98TFA=",
        "owner": "manveru",
        "repo": "crystal-flake",
        "rev": "e0606dce817d2ec3ff2d193dae93eea380fd52ef",
        "type": "github"
      },
      "original": {
        "owner": "manveru",
        "repo": "crystal-flake",
        "type": "github"
      }
    },
    "crystal-i686-linux": {
      "flake": false,
      "locked": {
        "narHash": "sha256-YMvEPfC+7qvhBQaeaGcvrgRQgdkAORDGzqB5YE40ODY=",
        "type": "tarball",
        "url": "https://github.com/crystal-lang/crystal/releases/download/1.7.3/crystal-1.7.3-1-linux-x86_64.tar.gz"
      },
      "original": {
        "type": "tarball",
        "url": "https://github.com/crystal-lang/crystal/releases/download/1.7.3/crystal-1.7.3-1-linux-x86_64.tar.gz"
      }
    },
    "crystal-src": {
      "flake": false,
      "locked": {
        "lastModified": 1678199101,
        "narHash": "sha256-ULhLGHRIZbsKhaMvNhc+W74BwNgfEjHcMnVNApWY+EE=",
        "owner": "crystal-lang",
        "repo": "crystal",
        "rev": "d61a01e185baf84046efce50832a97f097ba0a2f",
        "type": "github"
      },
      "original": {
        "owner": "crystal-lang",
        "ref": "1.7.3",
        "repo": "crystal",
        "type": "github"
      }
    },
    "crystal-x86_64-darwin": {
      "flake": false,
      "locked": {
        "narHash": "sha256-eU5JsJBXLZBQu0y6u2qF3QImgIzra6j+gftWM1hzg8k=",
        "type": "tarball",
        "url": "https://github.com/crystal-lang/crystal/releases/download/1.7.3/crystal-1.7.3-1-darwin-universal.tar.gz"
      },
      "original": {
        "type": "tarball",
        "url": "https://github.com/crystal-lang/crystal/releases/download/1.7.3/crystal-1.7.3-1-darwin-universal.tar.gz"
      }
    },
    "crystal-x86_64-linux": {
      "flake": false,
      "locked": {
        "narHash": "sha256-YMvEPfC+7qvhBQaeaGcvrgRQgdkAORDGzqB5YE40ODY=",
        "type": "tarball",
        "url": "https://github.com/crystal-lang/crystal/releases/download/1.7.3/crystal-1.7.3-1-linux-x86_64.tar.gz"
      },
      "original": {
        "type": "tarball",
        "url": "https://github.com/crystal-lang/crystal/releases/download/1.7.3/crystal-1.7.3-1-linux-x86_64.tar.gz"
      }
    },
    "crystalline-src": {
      "flake": false,
      "locked": {
        "lastModified": 1673543445,
        "narHash": "sha256-oNi2PXjrQbaUsTpV33jdACO0khPCaoq0FVN1tMZgwME=",
        "owner": "elbywan",
        "repo": "crystalline",
        "rev": "c6a825edeb81bd6c3e433b083f52837958102888",
        "type": "github"
      },
      "original": {
        "owner": "elbywan",
        "ref": "v0.8.0",
        "repo": "crystalline",
        "type": "github"
      }
    },
    "darwin": {
      "inputs": {
        "nixpkgs": [
          "agenix",
          "nixpkgs"
        ]
      },
      "locked": {
        "lastModified": 1744478979,
        "narHash": "sha256-dyN+teG9G82G+m+PX/aSAagkC+vUv0SgUw3XkPhQodQ=",
        "owner": "lnl7",
        "repo": "nix-darwin",
        "rev": "43975d782b418ebf4969e9ccba82466728c2851b",
        "type": "github"
      },
      "original": {
        "owner": "lnl7",
        "ref": "master",
        "repo": "nix-darwin",
        "type": "github"
      }
    },
    "darwin_2": {
      "inputs": {
        "nixpkgs": [
          "nixpkgs"
        ]
      },
      "locked": {
        "lastModified": 1772129556,
        "narHash": "sha256-Utk0zd8STPsUJPyjabhzPc5BpPodLTXrwkpXBHYnpeg=",
        "owner": "nix-darwin",
        "repo": "nix-darwin",
        "rev": "ebec37af18215214173c98cf6356d0aca24a2585",
        "type": "github"
      },
      "original": {
        "owner": "nix-darwin",
        "ref": "nix-darwin-25.11",
        "repo": "nix-darwin",
        "type": "github"
      }
    },
    "dirty-repo-scanner": {
      "inputs": {
        "nixpkgs": "nixpkgs_4"
      },
      "locked": {
        "lastModified": 1774974136,
        "narHash": "sha256-ozDaz4KOxL7oix9Sq5eF8pNrCdLCMwv9AuSrGSzm1kw=",
        "owner": "mipmip",
        "repo": "dirty-repo-scanner",
        "rev": "80488f8958261c26dbcb8ecc70cdd1afb4624311",
        "type": "github"
      },
      "original": {
        "owner": "mipmip",
        "repo": "dirty-repo-scanner",
        "type": "github"
      }
    },
    "elephant": {
      "inputs": {
        "nixpkgs": "nixpkgs_5",
        "systems": "systems_2"
      },
      "locked": {
        "lastModified": 1767428760,
        "narHash": "sha256-crwgIp7kVMNbkziJmSJlmakX5N57fwe1XW1iU/u4Rk4=",
        "owner": "abenz1267",
        "repo": "elephant",
        "rev": "946019db9183593af2c14d56924000d519e1f8d4",
        "type": "github"
      },
      "original": {
        "owner": "abenz1267",
        "repo": "elephant",
        "type": "github"
      }
    },
    "flake-compat": {
      "flake": false,
      "locked": {
        "lastModified": 1767039857,
        "narHash": "sha256-vNpUSpF5Nuw8xvDLj2KCwwksIbjua2LZCqhV1LNRDns=",
        "owner": "NixOS",
        "repo": "flake-compat",
        "rev": "5edf11c44bc78a0d334f6334cdaf7d60d732daab",
        "type": "github"
      },
      "original": {
        "owner": "NixOS",
        "repo": "flake-compat",
        "type": "github"
      }
    },
    "flake-parts": {
      "inputs": {
        "nixpkgs-lib": "nixpkgs-lib"
      },
      "locked": {
        "lastModified": 1769996383,
        "narHash": "sha256-AnYjnFWgS49RlqX7LrC4uA+sCCDBj0Ry/WOJ5XWAsa0=",
        "owner": "hercules-ci",
        "repo": "flake-parts",
        "rev": "57928607ea566b5db3ad13af0e57e921e6b12381",
        "type": "github"
      },
      "original": {
        "owner": "hercules-ci",
        "repo": "flake-parts",
        "type": "github"
      }
    },
    "flake-parts_2": {
      "inputs": {
        "nixpkgs-lib": [
          "nixpkgs"
        ]
      },
      "locked": {
        "lastModified": 1767609335,
        "narHash": "sha256-feveD98mQpptwrAEggBQKJTYbvwwglSbOv53uCfH9PY=",
        "owner": "hercules-ci",
        "repo": "flake-parts",
        "rev": "250481aafeb741edfe23d29195671c19b36b6dca",
        "type": "github"
      },
      "original": {
        "owner": "hercules-ci",
        "repo": "flake-parts",
        "type": "github"
      }
    },
    "flake-parts_3": {
      "inputs": {
        "nixpkgs-lib": [
          "nixvim",
          "nixpkgs"
        ]
      },
      "locked": {
        "lastModified": 1768135262,
        "narHash": "sha256-PVvu7OqHBGWN16zSi6tEmPwwHQ4rLPU9Plvs8/1TUBY=",
        "owner": "hercules-ci",
        "repo": "flake-parts",
        "rev": "80daad04eddbbf5a4d883996a73f3f542fa437ac",
        "type": "github"
      },
      "original": {
        "owner": "hercules-ci",
        "repo": "flake-parts",
        "type": "github"
      }
    },
    "flake-parts_4": {
      "inputs": {
        "nixpkgs-lib": "nixpkgs-lib_2"
      },
      "locked": {
        "lastModified": 1672152762,
        "narHash": "sha256-U8iWWHgabN07zfbgedogMVWrEP1Zywyf3Yx3OYHSSgE=",
        "owner": "hercules-ci",
        "repo": "flake-parts",
        "rev": "19e0f88324d90509141e192664ded98bb88ef9b2",
        "type": "github"
      },
      "original": {
        "owner": "hercules-ci",
        "repo": "flake-parts",
        "type": "github"
      }
    },
    "flake-utils": {
      "inputs": {
        "systems": "systems_4"
      },
      "locked": {
        "lastModified": 1731533236,
        "narHash": "sha256-l0KFg5HjrsfsO/JpG+r7fRrqm12kzFHyUHqHCVpMMbI=",
        "owner": "numtide",
        "repo": "flake-utils",
        "rev": "11707dc2f618dd54ca8739b309ec4fc024de578b",
        "type": "github"
      },
      "original": {
        "owner": "numtide",
        "repo": "flake-utils",
        "type": "github"
      }
    },
    "fred": {
      "inputs": {
        "nixpkgs": "nixpkgs_6"
      },
      "locked": {
        "lastModified": 1768232103,
        "narHash": "sha256-O2+8Jjwsf970k1yxGCQI9rfm7XKyDV4WtF0fie2hrPY=",
        "owner": "linden-project",
        "repo": "fred",
        "rev": "671ff67a070856a442abef6489abef5f091f9bf1",
        "type": "github"
      },
      "original": {
        "owner": "linden-project",
        "repo": "fred",
        "type": "github"
      }
    },
    "gitignore": {
      "inputs": {
        "nixpkgs": [
          "pre-commit-hooks",
          "nixpkgs"
        ]
      },
      "locked": {
        "lastModified": 1709087332,
        "narHash": "sha256-HG2cCnktfHsKV0s4XW83gU3F57gaTljL9KNSuG6bnQs=",
        "owner": "hercules-ci",
        "repo": "gitignore.nix",
        "rev": "637db329424fd7e46cf4185293b9cc8c88c95394",
        "type": "github"
      },
      "original": {
        "owner": "hercules-ci",
        "repo": "gitignore.nix",
        "type": "github"
      }
    },
    "hm-ricing-mode": {
      "inputs": {
        "nixpkgs": [
          "nixpkgs-2505"
        ]
      },
      "locked": {
        "lastModified": 1764340891,
        "narHash": "sha256-OYR4LtJ7pMJ2hqkcGgeeYJ4wK1PY/Q1T6qCL9zWZUXM=",
        "owner": "mipmip",
        "repo": "hm-ricing-mode",
        "rev": "a17f3a1ec51eef0b8581554cab7e86641327c650",
        "type": "github"
      },
      "original": {
        "owner": "mipmip",
        "repo": "hm-ricing-mode",
        "type": "github"
      }
    },
    "home-manager": {
      "inputs": {
        "nixpkgs": [
          "agenix",
          "nixpkgs"
        ]
      },
      "locked": {
        "lastModified": 1745494811,
        "narHash": "sha256-YZCh2o9Ua1n9uCvrvi5pRxtuVNml8X2a03qIFfRKpFs=",
        "owner": "nix-community",
        "repo": "home-manager",
        "rev": "abfad3d2958c9e6300a883bd443512c55dfeb1be",
        "type": "github"
      },
      "original": {
        "owner": "nix-community",
        "repo": "home-manager",
        "type": "github"
      }
    },
    "home-manager-pine64": {
      "inputs": {
        "nixpkgs": "nixpkgs_7"
      },
      "locked": {
        "lastModified": 1667907331,
        "narHash": "sha256-bHkAwkYlBjkupPUFcQjimNS8gxWSWjOTevEuwdnp5m0=",
        "owner": "nix-community",
        "repo": "home-manager",
        "rev": "6639e3a837fc5deb6f99554072789724997bc8e5",
        "type": "github"
      },
      "original": {
        "owner": "nix-community",
        "ref": "release-22.05",
        "repo": "home-manager",
        "type": "github"
      }
    },
    "home-manager_2": {
      "inputs": {
        "nixpkgs": [
          "nixpkgs"
        ]
      },
      "locked": {
        "lastModified": 1767619900,
        "narHash": "sha256-KpoCBPvwHz3gAQtIUkohE2InRBFK3r0/FM6z5SPWfvM=",
        "owner": "nix-community",
        "repo": "home-manager",
        "rev": "6bd04da47cfb48dfd15eabf08364b78ad894f5b2",
        "type": "github"
      },
      "original": {
        "owner": "nix-community",
        "ref": "release-25.11",
        "repo": "home-manager",
        "type": "github"
      }
    },
    "home-manager_3": {
      "inputs": {
        "nixpkgs": [
          "nix-on-droid",
          "nixpkgs"
        ]
      },
      "locked": {
        "lastModified": 1709445365,
        "narHash": "sha256-DVv6nd9FQBbMWbOmhq0KVqmlc3y3FMSYl49UXmMcO+0=",
        "owner": "nix-community",
        "repo": "home-manager",
        "rev": "4de84265d7ec7634a69ba75028696d74de9a44a7",
        "type": "github"
      },
      "original": {
        "owner": "nix-community",
        "repo": "home-manager",
        "type": "github"
      }
    },
    "hypr-network-manager": {
      "inputs": {
        "nixpkgs": "nixpkgs_8"
      },
      "locked": {
        "lastModified": 1780055951,
        "narHash": "sha256-+dX2ae9eriJChOW/lCy2eNecl0ZIkW0nKXu42RvtUEw=",
        "owner": "mipmip",
        "repo": "hypr-network-manager",
        "rev": "21c86dc019c74d60b970cc09e2d3a8c3cd552972",
        "type": "github"
      },
      "original": {
        "owner": "mipmip",
        "repo": "hypr-network-manager",
        "type": "github"
      }
    },
    "import-tree": {
      "locked": {
        "lastModified": 1763762820,
        "narHash": "sha256-ZvYKbFib3AEwiNMLsejb/CWs/OL/srFQ8AogkebEPF0=",
        "owner": "vic",
        "repo": "import-tree",
        "rev": "3c23749d8013ec6daa1d7255057590e9ca726646",
        "type": "github"
      },
      "original": {
        "owner": "vic",
        "repo": "import-tree",
        "type": "github"
      }
    },
    "jjay": {
      "inputs": {
        "nixpkgs": "nixpkgs_9"
      },
      "locked": {
        "lastModified": 1780516734,
        "narHash": "sha256-WC/FqxqluP5wTHLZc3L5L4lMCE7DLi5AG8HOSnfmFXs=",
        "owner": "speclib",
        "repo": "jjay",
        "rev": "9c4b1b4523c9add32773c529c10fad9313b83801",
        "type": "github"
      },
      "original": {
        "owner": "speclib",
        "repo": "jjay",
        "type": "github"
      }
    },
    "jsonify-aws-dotfiles": {
      "inputs": {
        "nixpkgs": "nixpkgs_10"
      },
      "locked": {
        "lastModified": 1724965798,
        "narHash": "sha256-X1QK44UV09M849fSZB2CFpkcoBoA5URA+7s3QNUO9gs=",
        "owner": "mipmip",
        "repo": "jsonify-aws-dotfiles",
        "rev": "476d770c059311e977ffd75fda59e11704330038",
        "type": "github"
      },
      "original": {
        "owner": "mipmip",
        "repo": "jsonify-aws-dotfiles",
        "type": "github"
      }
    },
    "microvm": {
      "inputs": {
        "nixpkgs": [
          "nixpkgs"
        ],
        "spectrum": "spectrum"
      },
      "locked": {
        "lastModified": 1779641751,
        "narHash": "sha256-xSEiY1kZoCHX7bzeDe6fzwnaG9Mjd/WrJ4MEWJghI/Q=",
        "owner": "astro",
        "repo": "microvm.nix",
        "rev": "4fe5ab55ef830e4b2d82d37ef7a5aca6e7b0e5f8",
        "type": "github"
      },
      "original": {
        "owner": "astro",
        "repo": "microvm.nix",
        "type": "github"
      }
    },
    "mip": {
      "inputs": {
        "nixpkgs": "nixpkgs_11"
      },
      "locked": {
        "lastModified": 1780416327,
        "narHash": "sha256-tJ+zkdbP5QLLPY1qrOvG1GjT7pyjgyCec54RG3f/7EI=",
        "owner": "mipmip",
        "repo": "mip.rs",
        "rev": "b158dc278565e8a3b7688b8a5f90b728dfc40a9f",
        "type": "github"
      },
      "original": {
        "owner": "mipmip",
        "repo": "mip.rs",
        "type": "github"
      }
    },
    "mobile-nixos": {
      "flake": false,
      "locked": {
        "lastModified": 1653513225,
        "narHash": "sha256-DjIrBfb3cbLG15cWKpSIfBxorXCMWVBeFOc1K7HOzw4=",
        "owner": "nixos",
        "repo": "mobile-nixos",
        "rev": "efbe2c3c5409c868309ae0770852638e623690b5",
        "type": "github"
      },
      "original": {
        "owner": "nixos",
        "repo": "mobile-nixos",
        "rev": "efbe2c3c5409c868309ae0770852638e623690b5",
        "type": "github"
      }
    },
    "myhotkeys": {
      "inputs": {
        "nixpkgs": "nixpkgs_12"
      },
      "locked": {
        "lastModified": 1727995226,
        "narHash": "sha256-LqBqVlkrVlLTyJQ9CuFDEoevtpUEt+AzAJ8SYRZk82c=",
        "owner": "mipmip",
        "repo": "gnome-hotkeys.cr",
        "rev": "58a1c8774105a06da25e05221309943618b602e3",
        "type": "github"
      },
      "original": {
        "owner": "mipmip",
        "ref": "0.2.7",
        "repo": "gnome-hotkeys.cr",
        "type": "github"
      }
    },
    "nix-formatter-pack": {
      "inputs": {
        "nixpkgs": [
          "nix-on-droid",
          "nixpkgs"
        ],
        "nmd": "nmd",
        "nmt": "nmt"
      },
      "locked": {
        "lastModified": 1705252799,
        "narHash": "sha256-HgSTREh7VoXjGgNDwKQUYcYo13rPkltW7IitHrTPA5c=",
        "owner": "Gerschtli",
        "repo": "nix-formatter-pack",
        "rev": "2de39dedd79aab14c01b9e2934842051a160ffa5",
        "type": "github"
      },
      "original": {
        "owner": "Gerschtli",
        "repo": "nix-formatter-pack",
        "type": "github"
      }
    },
    "nix-index-database": {
      "inputs": {
        "nixpkgs": [
          "nixpkgs"
        ]
      },
      "locked": {
        "lastModified": 1765267181,
        "narHash": "sha256-d3NBA9zEtBu2JFMnTBqWj7Tmi7R5OikoU2ycrdhQEws=",
        "owner": "nix-community",
        "repo": "nix-index-database",
        "rev": "82befcf7dc77c909b0f2a09f5da910ec95c5b78f",
        "type": "github"
      },
      "original": {
        "owner": "nix-community",
        "repo": "nix-index-database",
        "type": "github"
      }
    },
    "nix-on-droid": {
      "inputs": {
        "home-manager": "home-manager_3",
        "nix-formatter-pack": "nix-formatter-pack",
        "nixpkgs": [
          "nixpkgs"
        ],
        "nixpkgs-docs": "nixpkgs-docs",
        "nixpkgs-for-bootstrap": "nixpkgs-for-bootstrap",
        "nmd": "nmd_2"
      },
      "locked": {
        "lastModified": 1720396533,
        "narHash": "sha256-UFzk/hZWO1VkciIO5UPaSpJN8s765wsngUSvtJM6d5Q=",
        "owner": "nix-community",
        "repo": "nix-on-droid",
        "rev": "f3d3b8294039f2f9a8fb7ea82c320f29c6b0fe25",
        "type": "github"
      },
      "original": {
        "owner": "nix-community",
        "ref": "release-24.05",
        "repo": "nix-on-droid",
        "type": "github"
      }
    },
    "nixos-boot-grannyos": {
      "locked": {
        "lastModified": 1739124605,
        "narHash": "sha256-Fzbutu6fjd2gbZfRcSiUbXm+Btqn2Ks+upf3MaNdYaY=",
        "owner": "mipmip",
        "repo": "nixos-boot-grannyos",
        "rev": "d29213e8200936607016b6c3ad2ae5d51e1e51b0",
        "type": "github"
      },
      "original": {
        "owner": "mipmip",
        "repo": "nixos-boot-grannyos",
        "type": "github"
      }
    },
    "nixos-hardware": {
      "locked": {
        "lastModified": 1767185284,
        "narHash": "sha256-ljDBUDpD1Cg5n3mJI81Hz5qeZAwCGxon4kQW3Ho3+6Q=",
        "owner": "nixos",
        "repo": "nixos-hardware",
        "rev": "40b1a28dce561bea34858287fbb23052c3ee63fe",
        "type": "github"
      },
      "original": {
        "owner": "nixos",
        "repo": "nixos-hardware",
        "type": "github"
      }
    },
    "nixos-hardware-t2": {
      "locked": {
        "lastModified": 1767185284,
        "narHash": "sha256-ljDBUDpD1Cg5n3mJI81Hz5qeZAwCGxon4kQW3Ho3+6Q=",
        "owner": "nixos",
        "repo": "nixos-hardware",
        "rev": "40b1a28dce561bea34858287fbb23052c3ee63fe",
        "type": "github"
      },
      "original": {
        "owner": "nixos",
        "repo": "nixos-hardware",
        "type": "github"
      }
    },
    "nixpkgs": {
      "locked": {
        "lastModified": 1754028485,
        "narHash": "sha256-IiiXB3BDTi6UqzAZcf2S797hWEPCRZOwyNThJIYhUfk=",
        "owner": "NixOS",
        "repo": "nixpkgs",
        "rev": "59e69648d345d6e8fef86158c555730fa12af9de",
        "type": "github"
      },
      "original": {
        "owner": "NixOS",
        "ref": "nixos-25.05",
        "repo": "nixpkgs",
        "type": "github"
      }
    },
    "nixpkgs-2505": {
      "locked": {
        "lastModified": 1767051569,
        "narHash": "sha256-0MnuWoN+n1UYaGBIpqpPs9I9ZHW4kynits4mrnh1Pk4=",
        "owner": "NixOS",
        "repo": "nixpkgs",
        "rev": "40ee5e1944bebdd128f9fbada44faefddfde29bd",
        "type": "github"
      },
      "original": {
        "owner": "NixOS",
        "ref": "nixos-25.05",
        "repo": "nixpkgs",
        "type": "github"
      }
    },
    "nixpkgs-docs": {
      "locked": {
        "lastModified": 1705957679,
        "narHash": "sha256-Q8LJaVZGJ9wo33wBafvZSzapYsjOaNjP/pOnSiKVGHY=",
        "owner": "NixOS",
        "repo": "nixpkgs",
        "rev": "9a333eaa80901efe01df07eade2c16d183761fa3",
        "type": "github"
      },
      "original": {
        "owner": "NixOS",
        "ref": "release-23.05",
        "repo": "nixpkgs",
        "type": "github"
      }
    },
    "nixpkgs-for-bootstrap": {
      "locked": {
        "lastModified": 1720244366,
        "narHash": "sha256-WrDV0FPMVd2Sq9hkR5LNHudS3OSMmUrs90JUTN+MXpA=",
        "owner": "NixOS",
        "repo": "nixpkgs",
        "rev": "49ee0e94463abada1de470c9c07bfc12b36dcf40",
        "type": "github"
      },
      "original": {
        "owner": "NixOS",
        "repo": "nixpkgs",
        "rev": "49ee0e94463abada1de470c9c07bfc12b36dcf40",
        "type": "github"
      }
    },
    "nixpkgs-inkscape13": {
      "locked": {
        "lastModified": 1699271810,
        "narHash": "sha256-ldGgbzhOXdBshpRvZJFnhCF6vagakGot9pFpbws6srk=",
        "owner": "leiserfg",
        "repo": "nixpkgs",
        "rev": "c5b219ec902db9fd069f7f0d6ac7dd864d5d9c47",
        "type": "github"
      },
      "original": {
        "owner": "leiserfg",
        "ref": "staging",
        "repo": "nixpkgs",
        "type": "github"
      }
    },
    "nixpkgs-lib": {
      "locked": {
        "lastModified": 1769909678,
        "narHash": "sha256-cBEymOf4/o3FD5AZnzC3J9hLbiZ+QDT/KDuyHXVJOpM=",
        "owner": "nix-community",
        "repo": "nixpkgs.lib",
        "rev": "72716169fe93074c333e8d0173151350670b824c",
        "type": "github"
      },
      "original": {
        "owner": "nix-community",
        "repo": "nixpkgs.lib",
        "type": "github"
      }
    },
    "nixpkgs-lib_2": {
      "locked": {
        "dir": "lib",
        "lastModified": 1671359686,
        "narHash": "sha256-3MpC6yZo+Xn9cPordGz2/ii6IJpP2n8LE8e/ebUXLrs=",
        "owner": "NixOS",
        "repo": "nixpkgs",
        "rev": "04f574a1c0fde90b51bf68198e2297ca4e7cccf4",
        "type": "github"
      },
      "original": {
        "dir": "lib",
        "owner": "NixOS",
        "ref": "nixos-unstable",
        "repo": "nixpkgs",
        "type": "github"
      }
    },
    "nixpkgs-mama": {
      "locked": {
        "lastModified": 1770464364,
        "narHash": "sha256-z5NJPSBwsLf/OfD8WTmh79tlSU8XgIbwmk6qB1/TFzY=",
        "owner": "NixOS",
        "repo": "nixpkgs",
        "rev": "23d72dabcb3b12469f57b37170fcbc1789bd7457",
        "type": "github"
      },
      "original": {
        "owner": "NixOS",
        "ref": "nixos-25.11",
        "repo": "nixpkgs",
        "type": "github"
      }
    },
    "nixpkgs-old-stable": {
      "locked": {
        "lastModified": 1779796641,
        "narHash": "sha256-ZsIrKmhp4vbBXoXXmR/tBXA/UCsAQiJL9vsgZEduhVY=",
        "owner": "NixOS",
        "repo": "nixpkgs",
        "rev": "25f538306313eae3927264466c70d7001dcea1df",
        "type": "github"
      },
      "original": {
        "owner": "NixOS",
        "ref": "nixos-25.11",
        "repo": "nixpkgs",
        "type": "github"
      }
    },
    "nixpkgs-pine64": {
      "locked": {
        "lastModified": 1653060744,
        "narHash": "sha256-kfRusllRumpt33J1hPV+CeCCylCXEU7e0gn2/cIM7cY=",
        "owner": "NixOS",
        "repo": "nixpkgs",
        "rev": "dfd82985c273aac6eced03625f454b334daae2e8",
        "type": "github"
      },
      "original": {
        "id": "nixpkgs",
        "rev": "dfd82985c273aac6eced03625f454b334daae2e8",
        "type": "indirect"
      }
    },
    "nixpkgs_10": {
      "locked": {
        "lastModified": 1724727824,
        "narHash": "sha256-0XH9MJk54imJm+RHOLTUJ7e+ponLW00tw5ke4MTVa1Y=",
        "owner": "NixOS",
        "repo": "nixpkgs",
        "rev": "36bae45077667aff5720e5b3f1a5458f51cf0776",
        "type": "github"
      },
      "original": {
        "id": "nixpkgs",
        "ref": "nixos-24.05",
        "type": "indirect"
      }
    },
    "nixpkgs_11": {
      "locked": {
        "lastModified": 1779967070,
        "narHash": "sha256-EGpt58wpRfN6LrXRGHw19TRLX8MGsMKAMZDMpTFDJQc=",
        "owner": "NixOS",
        "repo": "nixpkgs",
        "rev": "9fc549ab1fde44eb47c748924b6c161b5740ce9f",
        "type": "github"
      },
      "original": {
        "owner": "NixOS",
        "repo": "nixpkgs",
        "type": "github"
      }
    },
    "nixpkgs_12": {
      "locked": {
        "lastModified": 1727672256,
        "narHash": "sha256-9/79hjQc9+xyH+QxeMcRsA6hDyw6Z9Eo1/oxjvwirLk=",
        "owner": "NixOS",
        "repo": "nixpkgs",
        "rev": "1719f27dd95fd4206afb9cec9f415b539978827e",
        "type": "github"
      },
      "original": {
        "id": "nixpkgs",
        "ref": "nixos-24.05",
        "type": "indirect"
      }
    },
    "nixpkgs_13": {
      "locked": {
        "lastModified": 1780203844,
        "narHash": "sha256-K5sT4jTpGs15ADhviMKNBH38REpPf5Q6mM1+N6cArVE=",
        "owner": "NixOS",
        "repo": "nixpkgs",
        "rev": "b51242d7d43689db2f3be91bd05d5b24fbb469c4",
        "type": "github"
      },
      "original": {
        "owner": "NixOS",
        "ref": "nixos-26.05",
        "repo": "nixpkgs",
        "type": "github"
      }
    },
    "nixpkgs_14": {
      "locked": {
        "lastModified": 1767640445,
        "narHash": "sha256-UWYqmD7JFBEDBHWYcqE6s6c77pWdcU/i+bwD6XxMb8A=",
        "owner": "NixOS",
        "repo": "nixpkgs",
        "rev": "9f0c42f8bc7151b8e7e5840fb3bd454ad850d8c5",
        "type": "github"
      },
      "original": {
        "owner": "NixOS",
        "ref": "nixos-unstable",
        "repo": "nixpkgs",
        "type": "github"
      }
    },
    "nixpkgs_15": {
      "locked": {
        "lastModified": 1726447378,
        "narHash": "sha256-2yV8nmYE1p9lfmLHhOCbYwQC/W8WYfGQABoGzJOb1JQ=",
        "owner": "NixOS",
        "repo": "nixpkgs",
        "rev": "086b448a5d54fd117f4dc2dee55c9f0ff461bdc1",
        "type": "github"
      },
      "original": {
        "id": "nixpkgs",
        "ref": "nixos-24.05",
        "type": "indirect"
      }
    },
    "nixpkgs_16": {
      "locked": {
        "lastModified": 1776169885,
        "narHash": "sha256-l/iNYDZ4bGOAFQY2q8y5OAfBBtrDAaPuRQqWaFHVRXM=",
        "owner": "NixOS",
        "repo": "nixpkgs",
        "rev": "4bd9165a9165d7b5e33ae57f3eecbcb28fb231c9",
        "type": "github"
      },
      "original": {
        "owner": "NixOS",
        "ref": "nixos-unstable",
        "repo": "nixpkgs",
        "type": "github"
      }
    },
    "nixpkgs_17": {
      "locked": {
        "lastModified": 1677543769,
        "narHash": "sha256-LwbqS8vGisXl2WHpK9r5+kodr0zoIT8F2YB0R4y1TsA=",
        "owner": "NixOS",
        "repo": "nixpkgs",
        "rev": "b26d52c9feb6476580016e78935cbf96eb3e2115",
        "type": "github"
      },
      "original": {
        "owner": "NixOS",
        "ref": "nixos-22.11",
        "repo": "nixpkgs",
        "type": "github"
      }
    },
    "nixpkgs_18": {
      "locked": {
        "lastModified": 1679748960,
        "narHash": "sha256-BP8XcYHyj1NxQi04RpyNW8e7KiXSoI+Fy1tXIK2GfdA=",
        "owner": "nixos",
        "repo": "nixpkgs",
        "rev": "da26ae9f6ce2c9ab380c0f394488892616fc5a6a",
        "type": "github"
      },
      "original": {
        "owner": "nixos",
        "ref": "nixos-22.11",
        "repo": "nixpkgs",
        "type": "github"
      }
    },
    "nixpkgs_19": {
      "locked": {
        "lastModified": 1767313136,
        "narHash": "sha256-16KkgfdYqjaeRGBaYsNrhPRRENs0qzkQVUooNHtoy2w=",
        "owner": "NixOS",
        "repo": "nixpkgs",
        "rev": "ac62194c3917d5f474c1a844b6fd6da2db95077d",
        "type": "github"
      },
      "original": {
        "id": "nixpkgs",
        "ref": "nixos-25.05",
        "type": "indirect"
      }
    },
    "nixpkgs_2": {
      "locked": {
        "lastModified": 1771369470,
        "narHash": "sha256-0NBlEBKkN3lufyvFegY4TYv5mCNHbi5OmBDrzihbBMQ=",
        "owner": "NixOS",
        "repo": "nixpkgs",
        "rev": "0182a361324364ae3f436a63005877674cf45efb",
        "type": "github"
      },
      "original": {
        "owner": "NixOS",
        "ref": "nixos-unstable",
        "repo": "nixpkgs",
        "type": "github"
      }
    },
    "nixpkgs_20": {
      "locked": {
        "lastModified": 1773282481,
        "narHash": "sha256-b/GV2ysM8mKHhinse2wz+uP37epUrSE+sAKXy/xvBY4=",
        "owner": "NixOS",
        "repo": "nixpkgs",
        "rev": "fe416aaedd397cacb33a610b33d60ff2b431b127",
        "type": "github"
      },
      "original": {
        "owner": "NixOS",
        "ref": "nixos-unstable",
        "repo": "nixpkgs",
        "type": "github"
      }
    },
    "nixpkgs_21": {
      "locked": {
        "lastModified": 1775639890,
        "narHash": "sha256-9O9gNidrdzcb7vgKGtff7QiLtr0IsVaCi0pAXm8anhQ=",
        "owner": "NixOS",
        "repo": "nixpkgs",
        "rev": "456e8a9468b9d46bd8c9524425026c00745bc4d2",
        "type": "github"
      },
      "original": {
        "owner": "NixOS",
        "ref": "nixpkgs-unstable",
        "repo": "nixpkgs",
        "type": "github"
      }
    },
    "nixpkgs_22": {
      "locked": {
        "lastModified": 1757068644,
        "narHash": "sha256-NOrUtIhTkIIumj1E/Rsv1J37Yi3xGStISEo8tZm3KW4=",
        "owner": "NixOS",
        "repo": "nixpkgs",
        "rev": "8eb28adfa3dc4de28e792e3bf49fcf9007ca8ac9",
        "type": "github"
      },
      "original": {
        "owner": "NixOS",
        "ref": "nixos-unstable",
        "repo": "nixpkgs",
        "type": "github"
      }
    },
    "nixpkgs_3": {
      "locked": {
        "lastModified": 1779467186,
        "narHash": "sha256-nOesoDCiXcUftqbRBMz9tt4blI5PvljMWbm3kuCA+0s=",
        "owner": "NixOS",
        "repo": "nixpkgs",
        "rev": "b77b3de8775677f84492abe84635f87b0e153f0f",
        "type": "github"
      },
      "original": {
        "id": "nixpkgs",
        "ref": "nixos-25.11",
        "type": "indirect"
      }
    },
    "nixpkgs_4": {
      "locked": {
        "lastModified": 1767313136,
        "narHash": "sha256-16KkgfdYqjaeRGBaYsNrhPRRENs0qzkQVUooNHtoy2w=",
        "owner": "NixOS",
        "repo": "nixpkgs",
        "rev": "ac62194c3917d5f474c1a844b6fd6da2db95077d",
        "type": "github"
      },
      "original": {
        "id": "nixpkgs",
        "ref": "nixos-25.05",
        "type": "indirect"
      }
    },
    "nixpkgs_5": {
      "locked": {
        "lastModified": 1764242076,
        "narHash": "sha256-sKoIWfnijJ0+9e4wRvIgm/HgE27bzwQxcEmo2J/gNpI=",
        "owner": "NixOS",
        "repo": "nixpkgs",
        "rev": "2fad6eac6077f03fe109c4d4eb171cf96791faa4",
        "type": "github"
      },
      "original": {
        "owner": "NixOS",
        "ref": "nixos-unstable",
        "repo": "nixpkgs",
        "type": "github"
      }
    },
    "nixpkgs_6": {
      "locked": {
        "lastModified": 1768127708,
        "narHash": "sha256-1Sm77VfZh3mU0F5OqKABNLWxOuDeHIlcFjsXeeiPazs=",
        "owner": "nixos",
        "repo": "nixpkgs",
        "rev": "ffbc9f8cbaacfb331b6017d5a5abb21a492c9a38",
        "type": "github"
      },
      "original": {
        "owner": "nixos",
        "ref": "nixos-unstable",
        "repo": "nixpkgs",
        "type": "github"
      }
    },
    "nixpkgs_7": {
      "locked": {
        "lastModified": 1767364772,
        "narHash": "sha256-fFUnEYMla8b7UKjijLnMe+oVFOz6HjijGGNS1l7dYaQ=",
        "owner": "NixOS",
        "repo": "nixpkgs",
        "rev": "16c7794d0a28b5a37904d55bcca36003b9109aaa",
        "type": "github"
      },
      "original": {
        "id": "nixpkgs",
        "type": "indirect"
      }
    },
    "nixpkgs_8": {
      "locked": {
        "lastModified": 1779877693,
        "narHash": "sha256-NOF9NAREhxr50bbBfVcVOq+ArCMSoe8dP79Pk2uyARk=",
        "owner": "NixOS",
        "repo": "nixpkgs",
        "rev": "4100e830e085863741bc69b156ec4ccd53ab5be0",
        "type": "github"
      },
      "original": {
        "owner": "NixOS",
        "ref": "nixpkgs-unstable",
        "repo": "nixpkgs",
        "type": "github"
      }
    },
    "nixpkgs_9": {
      "locked": {
        "lastModified": 1780243769,
        "narHash": "sha256-x5UQuRsH3MqI0U9afaXSNqzTPSeZlRLvFAav2Ux1pNw=",
        "owner": "NixOS",
        "repo": "nixpkgs",
        "rev": "331800de5053fcebacf6813adb5db9c9dca22a0c",
        "type": "github"
      },
      "original": {
        "owner": "NixOS",
        "ref": "nixos-unstable",
        "repo": "nixpkgs",
        "type": "github"
      }
    },
    "nixvim": {
      "inputs": {
        "flake-parts": "flake-parts_3",
        "nixpkgs": [
          "unstable"
        ],
        "systems": "systems_3"
      },
      "locked": {
        "lastModified": 1770025103,
        "narHash": "sha256-Qlb19PP0n6s+v1MywVjROV5XwsCvA58XXiXHk0Govb4=",
        "owner": "nix-community",
        "repo": "nixvim",
        "rev": "31c3b3687dc85e3fbbf5c44728a5ee231608f8a9",
        "type": "github"
      },
      "original": {
        "owner": "nix-community",
        "repo": "nixvim",
        "type": "github"
      }
    },
    "nmd": {
      "flake": false,
      "locked": {
        "lastModified": 1666190571,
        "narHash": "sha256-Z1hc7M9X6L+H83o9vOprijpzhTfOBjd0KmUTnpHAVjA=",
        "owner": "rycee",
        "repo": "nmd",
        "rev": "b75d312b4f33bd3294cd8ae5c2ca8c6da2afc169",
        "type": "gitlab"
      },
      "original": {
        "owner": "rycee",
        "repo": "nmd",
        "type": "gitlab"
      }
    },
    "nmd_2": {
      "inputs": {
        "nixpkgs": [
          "nix-on-droid",
          "nixpkgs-docs"
        ],
        "scss-reset": "scss-reset"
      },
      "locked": {
        "lastModified": 1705050560,
        "narHash": "sha256-x3zzcdvhJpodsmdjqB4t5mkVW22V3wqHLOun0KRBzUI=",
        "owner": "~rycee",
        "repo": "nmd",
        "rev": "66d9334933119c36f91a78d565c152a4fdc8d3d3",
        "type": "sourcehut"
      },
      "original": {
        "owner": "~rycee",
        "repo": "nmd",
        "type": "sourcehut"
      }
    },
    "nmt": {
      "flake": false,
      "locked": {
        "lastModified": 1648075362,
        "narHash": "sha256-u36WgzoA84dMVsGXzml4wZ5ckGgfnvS0ryzo/3zn/Pc=",
        "owner": "rycee",
        "repo": "nmt",
        "rev": "d83601002c99b78c89ea80e5e6ba21addcfe12ae",
        "type": "gitlab"
      },
      "original": {
        "owner": "rycee",
        "repo": "nmt",
        "type": "gitlab"
      }
    },
    "openspec": {
      "inputs": {
        "nixpkgs": "nixpkgs_14"
      },
      "locked": {
        "lastModified": 1780479100,
        "narHash": "sha256-VZZ/ukjciXqiebwei2JizyOnxx0T3IeoowFWElKec4o=",
        "owner": "Fission-AI",
        "repo": "OpenSpec",
        "rev": "1b06fddd59d8e592d5b5794a1970b22867e85b1f",
        "type": "github"
      },
      "original": {
        "owner": "Fission-AI",
        "repo": "OpenSpec",
        "type": "github"
      }
    },
    "pre-commit-hooks": {
      "inputs": {
        "flake-compat": "flake-compat",
        "gitignore": "gitignore",
        "nixpkgs": [
          "nixpkgs"
        ]
      },
      "locked": {
        "lastModified": 1768834646,
        "narHash": "sha256-sZq+qm+Pg1jw+hxncm5LDujLxgPcAop3G55jPSvWhfU=",
        "owner": "cachix",
        "repo": "pre-commit-hooks.nix",
        "rev": "2f927757d32bcd2b11e5017bdb9f11fd9719af53",
        "type": "github"
      },
      "original": {
        "owner": "cachix",
        "repo": "pre-commit-hooks.nix",
        "type": "github"
      }
    },
    "race": {
      "inputs": {
        "nixpkgs": "nixpkgs_15"
      },
      "locked": {
        "lastModified": 1770822121,
        "narHash": "sha256-zEgaPQaIq/3QSX2BPBJnsIQsHZQ5KhY1qf4n+nbxGVc=",
        "owner": "wearetechnative",
        "repo": "race",
        "rev": "8d75bc21e9a1454a1009215524810c3fb2199b37",
        "type": "github"
      },
      "original": {
        "owner": "wearetechnative",
        "repo": "race",
        "type": "github"
      }
    },
    "rme": {
      "inputs": {
        "nixpkgs": "nixpkgs_16"
      },
      "locked": {
        "lastModified": 1776711814,
        "narHash": "sha256-PbYw4EcD+uUBemOGYcMFwHUFhWrHNFnyB3lvI+hBTWY=",
        "owner": "mipmip",
        "repo": "rme",
        "rev": "2e4c5c5f7ae50377bf4e298cae1ddca6086b1072",
        "type": "github"
      },
      "original": {
        "owner": "mipmip",
        "repo": "rme",
        "type": "github"
      }
    },
    "root": {
      "inputs": {
        "agenix": "agenix",
        "ags": "ags",
        "aoe": "aoe",
        "bmc": "bmc",
        "darwin": "darwin_2",
        "dirty-repo-scanner": "dirty-repo-scanner",
        "elephant": "elephant",
        "flake-parts": "flake-parts_2",
        "fred": "fred",
        "hm-ricing-mode": "hm-ricing-mode",
        "home-manager": "home-manager_2",
        "home-manager-pine64": "home-manager-pine64",
        "hypr-network-manager": "hypr-network-manager",
        "import-tree": "import-tree",
        "jjay": "jjay",
        "jsonify-aws-dotfiles": "jsonify-aws-dotfiles",
        "microvm": "microvm",
        "mip": "mip",
        "mobile-nixos": "mobile-nixos",
        "myhotkeys": "myhotkeys",
        "nix-index-database": "nix-index-database",
        "nix-on-droid": "nix-on-droid",
        "nixos-boot-grannyos": "nixos-boot-grannyos",
        "nixos-hardware": "nixos-hardware",
        "nixos-hardware-t2": "nixos-hardware-t2",
        "nixpkgs": "nixpkgs_13",
        "nixpkgs-2505": "nixpkgs-2505",
        "nixpkgs-inkscape13": "nixpkgs-inkscape13",
        "nixpkgs-mama": "nixpkgs-mama",
        "nixpkgs-old-stable": "nixpkgs-old-stable",
        "nixpkgs-pine64": "nixpkgs-pine64",
        "nixvim": "nixvim",
        "openspec": "openspec",
        "pre-commit-hooks": "pre-commit-hooks",
        "race": "race",
        "rme": "rme",
        "skull": "skull",
        "specgetty": "specgetty",
        "teejay": "teejay",
        "unstable": "unstable",
        "unstable-hyprland": "unstable-hyprland",
        "verynix": "verynix",
        "walker": "walker"
      }
    },
    "scss-reset": {
      "flake": false,
      "locked": {
        "lastModified": 1631450058,
        "narHash": "sha256-muDlZJPtXDIGevSEWkicPP0HQ6VtucbkMNygpGlBEUM=",
        "owner": "andreymatin",
        "repo": "scss-reset",
        "rev": "0cf50e27a4e95e9bb5b1715eedf9c54dee1a5a91",
        "type": "github"
      },
      "original": {
        "owner": "andreymatin",
        "repo": "scss-reset",
        "type": "github"
      }
    },
    "skull": {
      "inputs": {
        "crystal-flake": "crystal-flake",
        "nixpkgs": "nixpkgs_18"
      },
      "locked": {
        "lastModified": 1759392335,
        "narHash": "sha256-hI8o/zxQ1n5o+jKGEgXklL2igmKrDY/f29xFpdQEsi8=",
        "owner": "mipmip",
        "repo": "skull",
        "rev": "c414f85343518a70f86b8db412c56e1af305dfaf",
        "type": "github"
      },
      "original": {
        "owner": "mipmip",
        "repo": "skull",
        "type": "github"
      }
    },
    "specgetty": {
      "inputs": {
        "nixpkgs": "nixpkgs_19"
      },
      "locked": {
        "lastModified": 1775149955,
        "narHash": "sha256-F3cKUE75Lf6sX3eXRBPVvuQd5stqPHhgP20xTkj90tk=",
        "owner": "mipmip",
        "repo": "specgetty",
        "rev": "6b30460dbfa9e5a1190e617463cb11d8f0d87b27",
        "type": "github"
      },
      "original": {
        "owner": "mipmip",
        "repo": "specgetty",
        "type": "github"
      }
    },
    "spectrum": {
      "flake": false,
      "locked": {
        "lastModified": 1778940603,
        "narHash": "sha256-voSM8dZNlaOWN3kbYFky+FNY6fFQOEw0xF+ZMpZKkCQ=",
        "ref": "refs/heads/main",
        "rev": "367dd227f539267eae2b62770b4c17b88ac8c1f1",
        "revCount": 1265,
        "type": "git",
        "url": "https://spectrum-os.org/git/spectrum"
      },
      "original": {
        "type": "git",
        "url": "https://spectrum-os.org/git/spectrum"
      }
    },
    "systems": {
      "locked": {
        "lastModified": 1681028828,
        "narHash": "sha256-Vy1rq5AaRuLzOxct8nz4T6wlgyUR7zLU309k9mBC768=",
        "owner": "nix-systems",
        "repo": "default",
        "rev": "da67096a3b9bf56a91d16901293e51ba5b49a27e",
        "type": "github"
      },
      "original": {
        "owner": "nix-systems",
        "repo": "default",
        "type": "github"
      }
    },
    "systems_2": {
      "locked": {
        "lastModified": 1689347949,
        "narHash": "sha256-12tWmuL2zgBgZkdoB6qXZsgJEH9LR3oUgpaQq2RbI80=",
        "owner": "nix-systems",
        "repo": "default-linux",
        "rev": "31732fcf5e8fea42e59c2488ad31a0e651500f68",
        "type": "github"
      },
      "original": {
        "owner": "nix-systems",
        "repo": "default-linux",
        "type": "github"
      }
    },
    "systems_3": {
      "locked": {
        "lastModified": 1681028828,
        "narHash": "sha256-Vy1rq5AaRuLzOxct8nz4T6wlgyUR7zLU309k9mBC768=",
        "owner": "nix-systems",
        "repo": "default",
        "rev": "da67096a3b9bf56a91d16901293e51ba5b49a27e",
        "type": "github"
      },
      "original": {
        "owner": "nix-systems",
        "repo": "default",
        "type": "github"
      }
    },
    "systems_4": {
      "locked": {
        "lastModified": 1681028828,
        "narHash": "sha256-Vy1rq5AaRuLzOxct8nz4T6wlgyUR7zLU309k9mBC768=",
        "owner": "nix-systems",
        "repo": "default",
        "rev": "da67096a3b9bf56a91d16901293e51ba5b49a27e",
        "type": "github"
      },
      "original": {
        "owner": "nix-systems",
        "repo": "default",
        "type": "github"
      }
    },
    "systems_5": {
      "locked": {
        "lastModified": 1689347949,
        "narHash": "sha256-12tWmuL2zgBgZkdoB6qXZsgJEH9LR3oUgpaQq2RbI80=",
        "owner": "nix-systems",
        "repo": "default-linux",
        "rev": "31732fcf5e8fea42e59c2488ad31a0e651500f68",
        "type": "github"
      },
      "original": {
        "owner": "nix-systems",
        "repo": "default-linux",
        "type": "github"
      }
    },
    "teejay": {
      "inputs": {
        "nixpkgs": "nixpkgs_20"
      },
      "locked": {
        "lastModified": 1774970929,
        "narHash": "sha256-JoDVBwas0W1AH+5o7pTLKeVaYCyYfPdEIYYW8wM72BQ=",
        "owner": "mipmip",
        "repo": "teejay",
        "rev": "bfe8445dce3aeb7d29b52f2429a30b7907bcd10c",
        "type": "github"
      },
      "original": {
        "owner": "mipmip",
        "repo": "teejay",
        "type": "github"
      }
    },
    "unstable": {
      "locked": {
        "lastModified": 1780243769,
        "narHash": "sha256-x5UQuRsH3MqI0U9afaXSNqzTPSeZlRLvFAav2Ux1pNw=",
        "owner": "NixOS",
        "repo": "nixpkgs",
        "rev": "331800de5053fcebacf6813adb5db9c9dca22a0c",
        "type": "github"
      },
      "original": {
        "owner": "NixOS",
        "ref": "nixos-unstable",
        "repo": "nixpkgs",
        "type": "github"
      }
    },
    "unstable-hyprland": {
      "locked": {
        "lastModified": 1772542754,
        "narHash": "sha256-WGV2hy+VIeQsYXpsLjdr4GvHv5eECMISX1zKLTedhdg=",
        "owner": "NixOS",
        "repo": "nixpkgs",
        "rev": "8c809a146a140c5c8806f13399592dbcb1bb5dc4",
        "type": "github"
      },
      "original": {
        "owner": "NixOS",
        "ref": "nixos-unstable",
        "repo": "nixpkgs",
        "type": "github"
      }
    },
    "verynix": {
      "inputs": {
        "flake-utils": "flake-utils",
        "nixpkgs": "nixpkgs_21"
      },
      "locked": {
        "lastModified": 1776201780,
        "narHash": "sha256-+Pkj7sSFhUpTirB7iYjPzIfGbM3o/QUGIqXz36c5+TQ=",
        "owner": "mipmip",
        "repo": "verynix",
        "rev": "6c11a18c4a981525d9f6e839312d638c032f5cb0",
        "type": "github"
      },
      "original": {
        "owner": "mipmip",
        "repo": "verynix",
        "type": "github"
      }
    },
    "walker": {
      "inputs": {
        "elephant": [
          "elephant"
        ],
        "nixpkgs": "nixpkgs_22",
        "systems": "systems_5"
      },
      "locked": {
        "lastModified": 1766773632,
        "narHash": "sha256-uizfsoFfsnmukcahOqg81R2YPBkXnY3Im4kljHCtswk=",
        "owner": "abenz1267",
        "repo": "walker",
        "rev": "1395d9205253c7038698e1dcca9c4d1d7dfd567b",
        "type": "github"
      },
      "original": {
        "owner": "abenz1267",
        "repo": "walker",
        "type": "github"
      }
    }
  },
  "root": "root",
  "version": 7
}
